{
  "name": "ht-js-map",
  "version": "0.0.72",
  "lockfileVersion": 1,
  "requires": true,
  "dependencies": {
    "@types/geojson": {
      "version": "1.0.3",
      "resolved": "https://registry.npmjs.org/@types/geojson/-/geojson-1.0.3.tgz",
      "integrity": "sha512-unWrGQhXRrNTk/MabfBLCM/rWT6zxR1OSK0GIPxsP8NX8mJcsNWkERPp4z0pTyHLiANy+Nwczf8Q2I16Pth1FA==",
      "dev": true
    },
    "@types/googlemaps": {
      "version": "3.26.20",
      "resolved": "https://registry.npmjs.org/@types/googlemaps/-/googlemaps-3.26.20.tgz",
      "integrity": "sha512-ei0gGI3ioFYjshbcSJZlk99vrVB7EjqLQCT5ymlm72l201b5ExvoTrk2wgq1pwG/531idUeJGkaTr6Vap3AIXA==",
      "dev": true
    },
    "@types/leaflet": {
      "version": "1.2.0",
      "resolved": "https://registry.npmjs.org/@types/leaflet/-/leaflet-1.2.0.tgz",
      "integrity": "sha512-XUDDcg/BlXzlqiESP07FI/coDflHP7nO+zmEKDuehj47Aj7miZZ6Xy26DYfyNG3NysWSpnwRNy9g8SfL328ZbQ==",
      "dev": true,
      "requires": {
        "@types/geojson": "1.0.3"
      }
    },
    "@types/node": {
      "version": "8.0.26",
      "resolved": "https://registry.npmjs.org/@types/node/-/node-8.0.26.tgz",
      "integrity": "sha512-wbKN0MB4XsjdnSE04HiCzLoBDirGCM6zXrqavSj44nZnPFYpnrTF64E9O6Xmf0ca/IuKK/BHUcXwMiwk92gW6Q==",
      "dev": true
    },
    "ht-js-data": {
      "version": "file:../data",
      "dev": true,
      "dependencies": {
        "accepts": {
          "version": "1.3.4",
          "bundled": true,
          "requires": {
            "mime-types": "2.1.16",
            "negotiator": "0.6.1"
          }
        },
        "acorn": {
          "version": "5.1.1",
          "bundled": true
        },
        "ansi-regex": {
          "version": "2.1.1",
          "bundled": true
        },
        "ansi-styles": {
          "version": "2.2.1",
          "bundled": true
        },
        "array-flatten": {
          "version": "1.1.1",
          "bundled": true
        },
        "chalk": {
          "version": "1.1.3",
          "bundled": true,
          "requires": {
            "ansi-styles": "2.2.1",
            "escape-string-regexp": "1.0.5",
            "has-ansi": "2.0.0",
            "strip-ansi": "3.0.1",
            "supports-color": "2.0.0"
          }
        },
        "commander": {
          "version": "2.11.0",
          "bundled": true
        },
        "content-disposition": {
          "version": "0.5.2",
          "bundled": true
        },
        "content-type": {
          "version": "1.0.2",
          "bundled": true
        },
        "cookie": {
          "version": "0.3.1",
          "bundled": true
        },
        "cookie-signature": {
          "version": "1.0.6",
          "bundled": true
        },
        "debug": {
          "version": "2.6.8",
          "bundled": true,
          "requires": {
            "ms": "2.0.0"
          }
        },
        "depd": {
          "version": "1.1.1",
          "bundled": true
        },
        "destroy": {
          "version": "1.0.4",
          "bundled": true
        },
        "duplexer": {
          "version": "0.1.1",
          "bundled": true
        },
        "ee-first": {
          "version": "1.1.1",
          "bundled": true
        },
        "ejs": {
          "version": "2.5.7",
          "bundled": true
        },
        "encodeurl": {
          "version": "1.0.1",
          "bundled": true
        },
        "escape-html": {
          "version": "1.0.3",
          "bundled": true
        },
        "escape-string-regexp": {
          "version": "1.0.5",
          "bundled": true
        },
        "etag": {
          "version": "1.8.0",
          "bundled": true
        },
        "express": {
          "version": "4.15.4",
          "bundled": true,
          "requires": {
            "accepts": "1.3.4",
            "array-flatten": "1.1.1",
            "content-disposition": "0.5.2",
            "content-type": "1.0.2",
            "cookie": "0.3.1",
            "cookie-signature": "1.0.6",
            "debug": "2.6.8",
            "depd": "1.1.1",
            "encodeurl": "1.0.1",
            "escape-html": "1.0.3",
            "etag": "1.8.0",
            "finalhandler": "1.0.4",
            "fresh": "0.5.0",
            "merge-descriptors": "1.0.1",
            "methods": "1.1.2",
            "on-finished": "2.3.0",
            "parseurl": "1.3.1",
            "path-to-regexp": "0.1.7",
            "proxy-addr": "1.1.5",
            "qs": "6.5.0",
            "range-parser": "1.2.0",
            "send": "0.15.4",
            "serve-static": "1.12.4",
            "setprototypeof": "1.0.3",
            "statuses": "1.3.1",
            "type-is": "1.6.15",
            "utils-merge": "1.0.0",
            "vary": "1.1.1"
          }
        },
        "filesize": {
          "version": "3.5.10",
          "bundled": true
        },
        "finalhandler": {
          "version": "1.0.4",
          "bundled": true,
          "requires": {
            "debug": "2.6.8",
            "encodeurl": "1.0.1",
            "escape-html": "1.0.3",
            "on-finished": "2.3.0",
            "parseurl": "1.3.1",
            "statuses": "1.3.1",
            "unpipe": "1.0.0"
          }
        },
        "forwarded": {
          "version": "0.1.0",
          "bundled": true
        },
        "fresh": {
          "version": "0.5.0",
          "bundled": true
        },
        "gzip-size": {
          "version": "3.0.0",
          "bundled": true,
          "requires": {
            "duplexer": "0.1.1"
          }
        },
        "has-ansi": {
          "version": "2.0.0",
          "bundled": true,
          "requires": {
            "ansi-regex": "2.1.1"
          }
        },
        "ht-models": {
          "version": "0.0.7",
          "bundled": true
        },
        "http-errors": {
          "version": "1.6.2",
          "bundled": true,
          "requires": {
            "depd": "1.1.1",
            "inherits": "2.0.3",
            "setprototypeof": "1.0.3",
            "statuses": "1.3.1"
          }
        },
        "inherits": {
          "version": "2.0.3",
          "bundled": true
        },
        "ipaddr.js": {
          "version": "1.4.0",
          "bundled": true
        },
        "lodash": {
          "version": "4.17.4",
          "bundled": true
        },
        "media-typer": {
          "version": "0.3.0",
          "bundled": true
        },
        "merge-descriptors": {
          "version": "1.0.1",
          "bundled": true
        },
        "methods": {
          "version": "1.1.2",
          "bundled": true
        },
        "mime": {
          "version": "1.3.4",
          "bundled": true
        },
        "mime-db": {
          "version": "1.29.0",
          "bundled": true
        },
        "mime-types": {
          "version": "2.1.16",
          "bundled": true,
          "requires": {
            "mime-db": "1.29.0"
          }
        },
        "minimist": {
          "version": "0.0.8",
          "bundled": true
        },
        "mkdirp": {
          "version": "0.5.1",
          "bundled": true,
          "requires": {
            "minimist": "0.0.8"
          }
        },
        "moment-mini": {
          "version": "2.18.1",
          "bundled": true
        },
        "ms": {
          "version": "2.0.0",
          "bundled": true
        },
        "negotiator": {
          "version": "0.6.1",
          "bundled": true
        },
        "on-finished": {
          "version": "2.3.0",
          "bundled": true,
          "requires": {
            "ee-first": "1.1.1"
          }
        },
        "opener": {
          "version": "1.4.3",
          "bundled": true
        },
        "parseurl": {
          "version": "1.3.1",
          "bundled": true
        },
        "path-to-regexp": {
          "version": "0.1.7",
          "bundled": true
        },
        "proxy-addr": {
          "version": "1.1.5",
          "bundled": true,
          "requires": {
            "forwarded": "0.1.0",
            "ipaddr.js": "1.4.0"
          }
        },
        "qs": {
          "version": "6.5.0",
          "bundled": true
        },
        "range-parser": {
          "version": "1.2.0",
          "bundled": true
        },
        "safe-buffer": {
          "version": "5.0.1",
          "bundled": true
        },
        "send": {
          "version": "0.15.4",
          "bundled": true,
          "requires": {
            "debug": "2.6.8",
            "depd": "1.1.1",
            "destroy": "1.0.4",
            "encodeurl": "1.0.1",
            "escape-html": "1.0.3",
            "etag": "1.8.0",
            "fresh": "0.5.0",
            "http-errors": "1.6.2",
            "mime": "1.3.4",
            "ms": "2.0.0",
            "on-finished": "2.3.0",
            "range-parser": "1.2.0",
            "statuses": "1.3.1"
          }
        },
        "serve-static": {
          "version": "1.12.4",
          "bundled": true,
          "requires": {
            "encodeurl": "1.0.1",
            "escape-html": "1.0.3",
            "parseurl": "1.3.1",
            "send": "0.15.4"
          }
        },
        "setprototypeof": {
          "version": "1.0.3",
          "bundled": true
        },
        "statuses": {
          "version": "1.3.1",
          "bundled": true
        },
        "strip-ansi": {
          "version": "3.0.1",
          "bundled": true,
          "requires": {
            "ansi-regex": "2.1.1"
          }
        },
        "supports-color": {
          "version": "2.0.0",
          "bundled": true
        },
        "type-is": {
          "version": "1.6.15",
          "bundled": true,
          "requires": {
            "media-typer": "0.3.0",
            "mime-types": "2.1.16"
          }
        },
        "ultron": {
          "version": "1.1.0",
          "bundled": true
        },
        "underscore": {
          "version": "1.8.3",
          "bundled": true
        },
        "unpipe": {
          "version": "1.0.0",
          "bundled": true
        },
        "utils-merge": {
          "version": "1.0.0",
          "bundled": true
        },
        "vary": {
          "version": "1.1.1",
          "bundled": true
        },
        "webpack-bundle-analyzer": {
          "version": "2.9.0",
          "bundled": true,
          "requires": {
            "acorn": "5.1.1",
            "chalk": "1.1.3",
            "commander": "2.11.0",
            "ejs": "2.5.7",
            "express": "4.15.4",
            "filesize": "3.5.10",
            "gzip-size": "3.0.0",
            "lodash": "4.17.4",
            "mkdirp": "0.5.1",
            "opener": "1.4.3",
            "ws": "2.3.1"
          }
        },
        "ws": {
          "version": "2.3.1",
          "bundled": true,
          "requires": {
            "safe-buffer": "5.0.1",
            "ultron": "1.1.0"
          }
        }
      }
    },
    "ht-js-utils": {
      "version": "0.0.13",
      "resolved": "https://registry.npmjs.org/ht-js-utils/-/ht-js-utils-0.0.13.tgz",
      "integrity": "sha512-RswXX4chqJlcMxLvD9uAHBr5HuKX/JvxR0/viQEti7BXY0Dbh4XUIsABmrlv/50d1YyjZjf65d7PQCVyBvDWxg==",
      "dev": true,
      "requires": {
        "polyline-encoded": "0.0.8"
      }
    },
    "ht-models": {
      "version": "file:../models",
      "dev": true
    },
    "leaflet": {
      "version": "1.2.0",
      "resolved": "https://registry.npmjs.org/leaflet/-/leaflet-1.2.0.tgz",
      "integrity": "sha512-Bold8phAE6WcRsuwhofrQ7cOK1REFHaYIkKuj7+TBYK3ONKRpGGIb5oXR5akYotFnrWN0TWKh6Svlhflm3dogg==",
      "dev": true
    },
    "moment-mini": {
      "version": "2.18.1",
      "resolved": "https://registry.npmjs.org/moment-mini/-/moment-mini-2.18.1.tgz",
      "integrity": "sha1-JzTMLNe/1A1ZjCBxzJyWyzmXidc=",
      "dev": true
    },
    "polyline-encoded": {
      "version": "0.0.8",
      "resolved": "https://registry.npmjs.org/polyline-encoded/-/polyline-encoded-0.0.8.tgz",
      "integrity": "sha1-TPuOVKDGuJ4HHa5UceWLdELLb3I="
    },
    "time-aware-polyline": {
      "version": "0.1.19",
      "resolved": "https://registry.npmjs.org/time-aware-polyline/-/time-aware-polyline-0.1.19.tgz",
      "integrity": "sha512-2fRLQgwDPiLNJr9dLB5c738DKHxAT6YuXk+wInNwNetvIg6NcuvuPkCZspGvfqto2BxiOCIQ6Z6StNN5V60fgQ==",
      "dev": true
    },
    "underscore": {
      "version": "1.8.3",
      "resolved": "https://registry.npmjs.org/underscore/-/underscore-1.8.3.tgz",
      "integrity": "sha1-Tz+1OxBuYJf8+ctBCfKl6b36UCI=",
      "dev": true
    },
    "webpack-rxjs-externals": {
      "version": "1.0.0",
      "resolved": "https://registry.npmjs.org/webpack-rxjs-externals/-/webpack-rxjs-externals-1.0.0.tgz",
      "integrity": "sha1-rrOo2Hx3vmEYVvR9D63gLoYke7w=",
      "dev": true
    }
  }
}
