{
  "name": "ht-maps",
  "version": "0.0.16-beta",
  "lockfileVersion": 1,
  "requires": true,
  "dependencies": {
    "@types/geojson": {
      "version": "7946.0.0",
      "resolved": "https://registry.npmjs.org/@types/geojson/-/geojson-7946.0.0.tgz",
      "integrity": "sha512-lbWmXFxIpEzpH7OprsCRvxj7kie+248Y2ItjeVsF+0+IqvwG+R+0xgZmxq1ofYNTszvuihDahas7O5dscfxTsw==",
      "dev": true
    },
    "@types/googlemaps": {
      "version": "3.30.4",
      "resolved": "https://registry.npmjs.org/@types/googlemaps/-/googlemaps-3.30.4.tgz",
      "integrity": "sha512-S5Bzg+vlguaIhJa20V+QmetQqoAHAtpy+tAsv7ayps3Vsu0sU1QAEqHrV3KdBb7qy/tq9m4qDs1wQws0gm5Vpg==",
      "dev": true
    },
    "@types/leaflet": {
      "version": "1.2.5",
      "resolved": "https://registry.npmjs.org/@types/leaflet/-/leaflet-1.2.5.tgz",
      "integrity": "sha512-xaAcJeNIX0HV8IhpXXnSl7whm2wtgsxWLzXPj0+vMTk945VpaoDKfGsPCc5mQsqsxDaD8wV5ImVt42d/bx+qYw==",
      "dev": true,
      "requires": {
        "@types/geojson": "7946.0.0"
      }
    },
    "@types/leaflet.markercluster": {
      "version": "1.0.2",
      "resolved": "https://registry.npmjs.org/@types/leaflet.markercluster/-/leaflet.markercluster-1.0.2.tgz",
      "integrity": "sha512-cCk6OibMywTfr+HnXzBgCrzcEegLpV2chkYqpCyHNqqkHjmnX40hmwGEZC53GMS7g45TeS0umQO/WfGXyuDPHQ==",
      "dev": true,
      "requires": {
        "@types/leaflet": "1.2.5"
      }
    },
    "@types/node": {
      "version": "8.5.8",
      "resolved": "https://registry.npmjs.org/@types/node/-/node-8.5.8.tgz",
      "integrity": "sha512-8KmlRxwbKZfjUHFIt3q8TF5S2B+/E5BaAoo/3mgc5h6FJzqxXkCK/VMetO+IRDtwtU6HUvovHMBn+XRj7SV9Qg==",
      "dev": true
    },
    "@types/underscore": {
      "version": "1.8.6",
      "resolved": "https://registry.npmjs.org/@types/underscore/-/underscore-1.8.6.tgz",
      "integrity": "sha512-9r3G/aelGEmiGT6DKmvPvMxPQG387pQpS6gDuylq/oUZ7n1XkyRe/I+Kiln6Up9pjtIreusWJ8OjbczGX5g6Qg==",
      "dev": true
    },
    "ht-data": {
      "version": "0.0.5-beta",
      "resolved": "https://registry.npmjs.org/ht-data/-/ht-data-0.0.5-beta.tgz",
      "integrity": "sha512-qi9Y4PfXnneikaPUxio97ygfwDpGgrkcNS7x1Pay08REB3L4pLn3DvX56EEQDFOMp0HIRDQ4ylG0OSjoQeLqRQ==",
      "dev": true
    },
    "ht-models": {
      "version": "0.0.13",
      "resolved": "https://registry.npmjs.org/ht-models/-/ht-models-0.0.13.tgz",
      "integrity": "sha512-U6fVkCv3kUwAGE6pcPG1SzS1r84t1pbUpiBOudt52MHNChlCxQC5QHIWh9VHrYnIgH1xuefhOoHl5KJqZ4g5lQ==",
      "dev": true
    },
    "ht-utility": {
      "version": "0.0.4-beta",
      "resolved": "https://registry.npmjs.org/ht-utility/-/ht-utility-0.0.4-beta.tgz",
      "integrity": "sha512-zAC/NqRPqH9aUm+qkyk7EuzNwHDPIUnzG+V3FrZAChkTXnQVFfaLULIpBmBy18mmlH4wG6LDo6dImR8shYp7QA==",
      "dev": true,
      "requires": {
        "@types/underscore": "1.8.6",
        "polyline-encoded": "0.0.8"
      }
    },
    "leaflet": {
      "version": "1.2.0",
      "resolved": "https://registry.npmjs.org/leaflet/-/leaflet-1.2.0.tgz",
      "integrity": "sha512-Bold8phAE6WcRsuwhofrQ7cOK1REFHaYIkKuj7+TBYK3ONKRpGGIb5oXR5akYotFnrWN0TWKh6Svlhflm3dogg==",
      "dev": true
    },
    "leaflet.markercluster": {
      "version": "1.2.0",
      "resolved": "https://registry.npmjs.org/leaflet.markercluster/-/leaflet.markercluster-1.2.0.tgz",
      "integrity": "sha512-lNUzM7LMsKRzCNPjrzk5x3bADDO2TuEpyDgyGekL4JbOK0Z2HL4rVxQYcVGy/tR29RMDkXuwwE/7QFz5HJcNFg==",
      "dev": true
    },
    "moment-mini": {
      "version": "2.18.1",
      "resolved": "https://registry.npmjs.org/moment-mini/-/moment-mini-2.18.1.tgz",
      "integrity": "sha1-JzTMLNe/1A1ZjCBxzJyWyzmXidc=",
      "dev": true
    },
    "polyline-encoded": {
      "version": "0.0.8",
      "resolved": "https://registry.npmjs.org/polyline-encoded/-/polyline-encoded-0.0.8.tgz",
      "integrity": "sha1-TPuOVKDGuJ4HHa5UceWLdELLb3I="
    },
    "rollup": {
      "version": "0.53.4",
      "resolved": "https://registry.npmjs.org/rollup/-/rollup-0.53.4.tgz",
      "integrity": "sha512-ErW5cFw5KY/qiyUlPDJ7iBhw51Iro/oyvxETupO85bMg5T7MLlFj3lEDzwjLTOxJAyzWQanUYj/LZHm6aLLm5w==",
      "dev": true
    },
    "time-aware-polyline": {
      "version": "0.1.19",
      "resolved": "https://registry.npmjs.org/time-aware-polyline/-/time-aware-polyline-0.1.19.tgz",
      "integrity": "sha512-2fRLQgwDPiLNJr9dLB5c738DKHxAT6YuXk+wInNwNetvIg6NcuvuPkCZspGvfqto2BxiOCIQ6Z6StNN5V60fgQ==",
      "dev": true
    },
    "underscore": {
      "version": "1.8.3",
      "resolved": "https://registry.npmjs.org/underscore/-/underscore-1.8.3.tgz",
      "integrity": "sha1-Tz+1OxBuYJf8+ctBCfKl6b36UCI=",
      "dev": true
    }
  }
}
