{
  "requires": true,
  "lockfileVersion": 1,
  "dependencies": {
    "@types/geojson": {
      "version": "7946.0.0",
      "resolved": "https://registry.npmjs.org/@types/geojson/-/geojson-7946.0.0.tgz",
      "integrity": "sha512-lbWmXFxIpEzpH7OprsCRvxj7kie+248Y2ItjeVsF+0+IqvwG+R+0xgZmxq1ofYNTszvuihDahas7O5dscfxTsw=="
    },
    "@types/googlemaps": {
      "version": "3.30.4",
      "resolved": "https://registry.npmjs.org/@types/googlemaps/-/googlemaps-3.30.4.tgz",
      "integrity": "sha512-S5Bzg+vlguaIhJa20V+QmetQqoAHAtpy+tAsv7ayps3Vsu0sU1QAEqHrV3KdBb7qy/tq9m4qDs1wQws0gm5Vpg=="
    },
    "@types/leaflet": {
      "version": "1.2.5",
      "resolved": "https://registry.npmjs.org/@types/leaflet/-/leaflet-1.2.5.tgz",
      "integrity": "sha512-xaAcJeNIX0HV8IhpXXnSl7whm2wtgsxWLzXPj0+vMTk945VpaoDKfGsPCc5mQsqsxDaD8wV5ImVt42d/bx+qYw==",
      "requires": {
        "@types/geojson": "7946.0.0"
      }
    },
    "@types/leaflet.heat": {
      "version": "0.2.0",
      "resolved": "https://registry.npmjs.org/@types/leaflet.heat/-/leaflet.heat-0.2.0.tgz",
      "integrity": "sha512-j/vfitsOOR7AU63/mlshqr88a6uZUObkvc55b3XkR2p7q0FFr021NMNineVhn1uT8BYfEETFraQCo/IZZpV3QQ==",
      "requires": {
        "@types/leaflet": "1.2.5"
      }
    },
    "@types/leaflet.markercluster": {
      "version": "1.0.2",
      "resolved": "https://registry.npmjs.org/@types/leaflet.markercluster/-/leaflet.markercluster-1.0.2.tgz",
      "integrity": "sha512-cCk6OibMywTfr+HnXzBgCrzcEegLpV2chkYqpCyHNqqkHjmnX40hmwGEZC53GMS7g45TeS0umQO/WfGXyuDPHQ==",
      "requires": {
        "@types/leaflet": "1.2.5"
      }
    },
    "@types/node": {
      "version": "8.5.8",
      "resolved": "https://registry.npmjs.org/@types/node/-/node-8.5.8.tgz",
      "integrity": "sha512-8KmlRxwbKZfjUHFIt3q8TF5S2B+/E5BaAoo/3mgc5h6FJzqxXkCK/VMetO+IRDtwtU6HUvovHMBn+XRj7SV9Qg=="
    },
    "date-fns": {
      "version": "1.29.0",
      "resolved": "https://registry.npmjs.org/date-fns/-/date-fns-1.29.0.tgz",
      "integrity": "sha512-lbTXWZ6M20cWH8N9S6afb0SBm6tMk+uUg6z3MqHPKE9atmsY3kJkTm8vKe93izJ2B2+q5MV990sM2CHgtAZaOw=="
    },
    "leaflet": {
      "version": "1.2.0",
      "resolved": "https://registry.npmjs.org/leaflet/-/leaflet-1.2.0.tgz",
      "integrity": "sha512-Bold8phAE6WcRsuwhofrQ7cOK1REFHaYIkKuj7+TBYK3ONKRpGGIb5oXR5akYotFnrWN0TWKh6Svlhflm3dogg=="
    },
    "leaflet.heat": {
      "version": "0.2.0",
      "resolved": "https://registry.npmjs.org/leaflet.heat/-/leaflet.heat-0.2.0.tgz",
      "integrity": "sha1-EJ2M9Ybwre5B8Fr/Ax4np3/swik="
    },
    "leaflet.markercluster": {
      "version": "1.2.0",
      "resolved": "https://registry.npmjs.org/leaflet.markercluster/-/leaflet.markercluster-1.2.0.tgz",
      "integrity": "sha512-lNUzM7LMsKRzCNPjrzk5x3bADDO2TuEpyDgyGekL4JbOK0Z2HL4rVxQYcVGy/tR29RMDkXuwwE/7QFz5HJcNFg=="
    },
    "popper.js": {
      "version": "1.12.9",
      "resolved": "https://registry.npmjs.org/popper.js/-/popper.js-1.12.9.tgz",
      "integrity": "sha1-DfvC3/lsRRuzMu3Pz6r1ZtMx1bM="
    },
    "rollup": {
      "version": "0.53.4",
      "resolved": "https://registry.npmjs.org/rollup/-/rollup-0.53.4.tgz",
      "integrity": "sha512-ErW5cFw5KY/qiyUlPDJ7iBhw51Iro/oyvxETupO85bMg5T7MLlFj3lEDzwjLTOxJAyzWQanUYj/LZHm6aLLm5w=="
    },
    "underscore": {
      "version": "1.8.3",
      "resolved": "https://registry.npmjs.org/underscore/-/underscore-1.8.3.tgz",
      "integrity": "sha1-Tz+1OxBuYJf8+ctBCfKl6b36UCI="
    }
  }
}
