{
  "name": "ht-maps",
  "version": "0.1.1-0",
  "lockfileVersion": 1,
  "requires": true,
  "dependencies": {
    "@types/geojson": {
      "version": "7946.0.0",
      "resolved": "https://registry.npmjs.org/@types/geojson/-/geojson-7946.0.0.tgz",
      "integrity": "sha512-lbWmXFxIpEzpH7OprsCRvxj7kie+248Y2ItjeVsF+0+IqvwG+R+0xgZmxq1ofYNTszvuihDahas7O5dscfxTsw==",
      "dev": true
    },
    "@types/googlemaps": {
      "version": "3.30.4",
      "resolved": "https://registry.npmjs.org/@types/googlemaps/-/googlemaps-3.30.4.tgz",
      "integrity": "sha512-S5Bzg+vlguaIhJa20V+QmetQqoAHAtpy+tAsv7ayps3Vsu0sU1QAEqHrV3KdBb7qy/tq9m4qDs1wQws0gm5Vpg==",
      "dev": true
    },
    "@types/leaflet": {
      "version": "1.2.5",
      "resolved": "https://registry.npmjs.org/@types/leaflet/-/leaflet-1.2.5.tgz",
      "integrity": "sha512-xaAcJeNIX0HV8IhpXXnSl7whm2wtgsxWLzXPj0+vMTk945VpaoDKfGsPCc5mQsqsxDaD8wV5ImVt42d/bx+qYw==",
      "dev": true,
      "requires": {
        "@types/geojson": "7946.0.0"
      }
    },
    "@types/leaflet.heat": {
      "version": "0.2.0",
      "resolved": "https://registry.npmjs.org/@types/leaflet.heat/-/leaflet.heat-0.2.0.tgz",
      "integrity": "sha512-j/vfitsOOR7AU63/mlshqr88a6uZUObkvc55b3XkR2p7q0FFr021NMNineVhn1uT8BYfEETFraQCo/IZZpV3QQ==",
      "dev": true,
      "requires": {
        "@types/leaflet": "1.2.5"
      }
    },
    "@types/leaflet.markercluster": {
      "version": "1.0.2",
      "resolved": "https://registry.npmjs.org/@types/leaflet.markercluster/-/leaflet.markercluster-1.0.2.tgz",
      "integrity": "sha512-cCk6OibMywTfr+HnXzBgCrzcEegLpV2chkYqpCyHNqqkHjmnX40hmwGEZC53GMS7g45TeS0umQO/WfGXyuDPHQ==",
      "dev": true,
      "requires": {
        "@types/leaflet": "1.2.5"
      }
    },
    "@types/node": {
      "version": "8.5.8",
      "resolved": "https://registry.npmjs.org/@types/node/-/node-8.5.8.tgz",
      "integrity": "sha512-8KmlRxwbKZfjUHFIt3q8TF5S2B+/E5BaAoo/3mgc5h6FJzqxXkCK/VMetO+IRDtwtU6HUvovHMBn+XRj7SV9Qg==",
      "dev": true
    },
    "@types/underscore": {
      "version": "1.8.7",
      "resolved": "https://registry.npmjs.org/@types/underscore/-/underscore-1.8.7.tgz",
      "integrity": "sha512-vMSV6VOWFVBcud1bBUKJVVhXmmx136Run3p1xK00XViC2pQnXXrveU79S13h2+Im/TBhtMtTufid+dbysd3m/g==",
      "dev": true
    },
    "date-fns": {
      "version": "1.29.0",
      "resolved": "https://registry.npmjs.org/date-fns/-/date-fns-1.29.0.tgz",
      "integrity": "sha512-lbTXWZ6M20cWH8N9S6afb0SBm6tMk+uUg6z3MqHPKE9atmsY3kJkTm8vKe93izJ2B2+q5MV990sM2CHgtAZaOw=="
    },
    "ht-data": {
      "version": "0.1.1",
      "resolved": "https://registry.npmjs.org/ht-data/-/ht-data-0.1.1.tgz",
      "integrity": "sha512-EjhB+iDOguTkOerH5M0JT9G5kkkoI4kiBf1digX6LXgRhROVTP/SOu9YAhvdzhdgF/h+spn9UXd6bdQxRIVjRg=="
    },
    "ht-models": {
      "version": "0.0.13",
      "resolved": "https://registry.npmjs.org/ht-models/-/ht-models-0.0.13.tgz",
      "integrity": "sha512-U6fVkCv3kUwAGE6pcPG1SzS1r84t1pbUpiBOudt52MHNChlCxQC5QHIWh9VHrYnIgH1xuefhOoHl5KJqZ4g5lQ==",
      "dev": true
    },
    "ht-utility": {
      "version": "0.1.0",
      "resolved": "https://registry.npmjs.org/ht-utility/-/ht-utility-0.1.0.tgz",
      "integrity": "sha512-SI8ewI5oArTPnrjxuWDpPNcEtbL71cz+O5u+NzTK45qdONG1NK9NB9HgNdg8HhVAM4CRO176r/oOue18X9WEgA==",
      "dev": true,
      "requires": {
        "@types/underscore": "1.8.7",
        "polyline-encoded": "0.0.8"
      }
    },
    "leaflet": {
      "version": "1.2.0",
      "resolved": "https://registry.npmjs.org/leaflet/-/leaflet-1.2.0.tgz",
      "integrity": "sha512-Bold8phAE6WcRsuwhofrQ7cOK1REFHaYIkKuj7+TBYK3ONKRpGGIb5oXR5akYotFnrWN0TWKh6Svlhflm3dogg==",
      "dev": true
    },
    "leaflet.heat": {
      "version": "0.2.0",
      "resolved": "https://registry.npmjs.org/leaflet.heat/-/leaflet.heat-0.2.0.tgz",
      "integrity": "sha1-EJ2M9Ybwre5B8Fr/Ax4np3/swik="
    },
    "leaflet.markercluster": {
      "version": "1.2.0",
      "resolved": "https://registry.npmjs.org/leaflet.markercluster/-/leaflet.markercluster-1.2.0.tgz",
      "integrity": "sha512-lNUzM7LMsKRzCNPjrzk5x3bADDO2TuEpyDgyGekL4JbOK0Z2HL4rVxQYcVGy/tR29RMDkXuwwE/7QFz5HJcNFg==",
      "dev": true
    },
    "polyline-encoded": {
      "version": "0.0.8",
      "resolved": "https://registry.npmjs.org/polyline-encoded/-/polyline-encoded-0.0.8.tgz",
      "integrity": "sha1-TPuOVKDGuJ4HHa5UceWLdELLb3I=",
      "dev": true
    },
    "rollup": {
      "version": "0.53.4",
      "resolved": "https://registry.npmjs.org/rollup/-/rollup-0.53.4.tgz",
      "integrity": "sha512-ErW5cFw5KY/qiyUlPDJ7iBhw51Iro/oyvxETupO85bMg5T7MLlFj3lEDzwjLTOxJAyzWQanUYj/LZHm6aLLm5w==",
      "dev": true
    },
    "time-aware-polyline": {
      "version": "0.0.2",
      "resolved": "https://registry.npmjs.org/time-aware-polyline/-/time-aware-polyline-0.0.2.tgz",
      "integrity": "sha512-QkvF6axI1D+Uk00RHcNw44Yk9sKtm2B3BtwVwoNvcrU1wK5zTGEinkzQNUqDQ6uvFEkz7vuRZetz5BKeRdhZag=="
    },
    "underscore": {
      "version": "1.8.3",
      "resolved": "https://registry.npmjs.org/underscore/-/underscore-1.8.3.tgz",
      "integrity": "sha1-Tz+1OxBuYJf8+ctBCfKl6b36UCI=",
      "dev": true
    }
  }
}
