{
  "name": "ht-js-fetch-client",
  "version": "0.0.0",
  "lockfileVersion": 1,
  "requires": true,
  "dependencies": {
    "ht-js-client": {
      "version": "file:../client",
      "dev": true,
      "dependencies": {
        "@types/geojson": {
          "version": "1.0.2",
          "bundled": true
        },
        "@types/leaflet": {
          "version": "1.0.67",
          "bundled": true,
          "requires": {
            "@types/geojson": "1.0.2"
          }
        },
        "ht-js-utils": {
          "version": "0.0.11",
          "bundled": true,
          "requires": {
            "polyline-encoded": "0.0.8"
          }
        },
        "ht-models": {
          "version": "0.0.6",
          "bundled": true
        },
        "moment-mini": {
          "version": "2.18.1",
          "bundled": true
        },
        "polyline-encoded": {
          "version": "0.0.8",
          "bundled": true
        },
        "typescript": {
          "version": "2.4.2",
          "bundled": true
        },
        "underscore": {
          "version": "1.8.3",
          "bundled": true
        }
      }
    },
    "ht-js-utils": {
      "version": "0.0.11",
      "resolved": "https://registry.npmjs.org/ht-js-utils/-/ht-js-utils-0.0.11.tgz",
      "integrity": "sha512-qFqyyP2JRR7zfecLDMjuyEq6qOMTv1AJwDqjYuIbjxvVKEZm7r+8su995YwY4Oy0DE2Goki0jxnDI+8yhgtAsQ==",
      "dev": true,
      "requires": {
        "polyline-encoded": "0.0.8"
      }
    },
    "polyline-encoded": {
      "version": "0.0.8",
      "resolved": "https://registry.npmjs.org/polyline-encoded/-/polyline-encoded-0.0.8.tgz",
      "integrity": "sha1-TPuOVKDGuJ4HHa5UceWLdELLb3I=",
      "dev": true
    },
    "whatwg-fetch": {
      "version": "2.0.3",
      "resolved": "https://registry.npmjs.org/whatwg-fetch/-/whatwg-fetch-2.0.3.tgz",
      "integrity": "sha1-nITsLc9oGH/wC8ZOEnS0QhduHIQ=",
      "dev": true
    }
  }
}
