{
  "name": "ht-map-wrapper",
  "version": "0.0.0",
  "lockfileVersion": 1,
  "requires": true,
  "dependencies": {
    "@types/geojson": {
      "version": "7946.0.1",
      "resolved": "https://registry.npmjs.org/@types/geojson/-/geojson-7946.0.1.tgz",
      "integrity": "sha512-BXY6tH16Snp/ZdX6cFlBD8yfEArcZemzxEGciXkMmp1/tU76oyqkxJq91JQzT8SXWzRPwj//dw0/FdCSnnT8mw==",
      "dev": true
    },
    "@types/googlemaps": {
      "version": "3.30.7",
      "resolved": "https://registry.npmjs.org/@types/googlemaps/-/googlemaps-3.30.7.tgz",
      "integrity": "sha512-e79j7ip6zrkig0jr739oZB5e6L0CRK1Rafcnazd5Qpj9epiFnA1akRLH1iZrV5FLxrwpHYWekGp/DQqJS53pfQ==",
      "dev": true
    },
    "@types/leaflet": {
      "version": "1.2.5",
      "resolved": "https://registry.npmjs.org/@types/leaflet/-/leaflet-1.2.5.tgz",
      "integrity": "sha512-xaAcJeNIX0HV8IhpXXnSl7whm2wtgsxWLzXPj0+vMTk945VpaoDKfGsPCc5mQsqsxDaD8wV5ImVt42d/bx+qYw==",
      "dev": true,
      "requires": {
        "@types/geojson": "7946.0.1"
      }
    },
    "ht-models": {
      "version": "0.0.19",
      "resolved": "https://registry.npmjs.org/ht-models/-/ht-models-0.0.19.tgz",
      "integrity": "sha512-xLmymbozykozEzWtKg2QmpHk8qUqYdqYMhx4j4dMqZ4dWWhViTVDwydflESj5LXi2x1BhmzQuuvePBcGfIl4Kw==",
      "dev": true
    }
  }
}
