{
	"requires": true,
	"lockfileVersion": 1,
	"dependencies": {
		"@types/googlemaps": {
			"version": "3.30.7",
			"resolved": "https://registry.npmjs.org/@types/googlemaps/-/googlemaps-3.30.7.tgz",
			"integrity": "sha512-e79j7ip6zrkig0jr739oZB5e6L0CRK1Rafcnazd5Qpj9epiFnA1akRLH1iZrV5FLxrwpHYWekGp/DQqJS53pfQ=="
		},
		"@types/node": {
			"version": "8.9.4",
			"resolved": "https://registry.npmjs.org/@types/node/-/node-8.9.4.tgz",
			"integrity": "sha512-dSvD36qnQs78G1BPsrZFdPpvLgMW/dnvr5+nTW2csMs5TiP9MOXrjUbnMZOEwnIuBklXtn7b6TPA2Cuq07bDHA=="
		},
		"rollup": {
			"version": "0.53.4",
			"resolved": "https://registry.npmjs.org/rollup/-/rollup-0.53.4.tgz",
			"integrity": "sha512-ErW5cFw5KY/qiyUlPDJ7iBhw51Iro/oyvxETupO85bMg5T7MLlFj3lEDzwjLTOxJAyzWQanUYj/LZHm6aLLm5w=="
		},
		"underscore": {
			"version": "1.8.3",
			"resolved": "https://registry.npmjs.org/underscore/-/underscore-1.8.3.tgz",
			"integrity": "sha1-Tz+1OxBuYJf8+ctBCfKl6b36UCI="
		}
	}
}
