{
  "name": "examples",
  "version": "1.0.0",
  "lockfileVersion": 1,
  "requires": true,
  "dependencies": {
    "font-awesome": {
      "version": "4.7.0",
      "resolved": "https://registry.npmjs.org/font-awesome/-/font-awesome-4.7.0.tgz",
      "integrity": "sha1-j6jPBBGhoxr9B7BtKQK7n8gVoTM="
    },
    "ht-client": {
      "version": "0.0.1-beta",
      "resolved": "https://registry.npmjs.org/ht-client/-/ht-client-0.0.1-beta.tgz",
      "integrity": "sha512-j1MNdoQi3Z1Olee+N6SBxjjTLCF5PNn6TueoCsAR4HZHVBP+hALCs11YATiIjm/ZkAYJCzsuMOBBbdo+RwQiOQ=="
    },
    "ht-js-data": {
      "version": "0.0.22",
      "resolved": "https://registry.npmjs.org/ht-js-data/-/ht-js-data-0.0.22.tgz",
      "integrity": "sha512-SCOsvBwMU76a4rHepbXia4c2VqO5JVh/TUJP2ttvA1SEhK8LjcTB6MEUphvwgPCm3dpLlB537r/KAA8w/jc7jw=="
    },
    "ht-js-fetch-client": {
      "version": "0.0.0",
      "resolved": "https://registry.npmjs.org/ht-js-fetch-client/-/ht-js-fetch-client-0.0.0.tgz",
      "integrity": "sha512-HzxeND0af135cL9Oq8nmXMPQ7CmO4tp6KOjRismQWBj7QtCpouRC3l7GoSFQ3Hw2RQ6Cu/w4Ep4ckHU76ck5kg=="
    },
    "ht-js-map": {
      "version": "0.0.72",
      "resolved": "https://registry.npmjs.org/ht-js-map/-/ht-js-map-0.0.72.tgz",
      "integrity": "sha512-E2NhAiuIbcVxWJx4WdxJBMvij9pUUd/d6DxAR0eRY1z92lSoUkrOHENDPYOgsx55hubXONd0lfOKwd+WWGl8RQ==",
      "requires": {
        "polyline-encoded": "0.0.8"
      }
    },
    "ht-js-utils": {
      "version": "0.0.14",
      "resolved": "https://registry.npmjs.org/ht-js-utils/-/ht-js-utils-0.0.14.tgz",
      "integrity": "sha512-vcrJQqZGxrg0r44VeAj3sP+aXaSn012xUsQIwLioDhvzJRfj4Pc/qeCylSrLUnKzUInVgsb5yE6Cq4q0qcg7PQ==",
      "requires": {
        "polyline-encoded": "0.0.8"
      }
    },
    "leaflet": {
      "version": "1.2.0",
      "resolved": "https://registry.npmjs.org/leaflet/-/leaflet-1.2.0.tgz",
      "integrity": "sha512-Bold8phAE6WcRsuwhofrQ7cOK1REFHaYIkKuj7+TBYK3ONKRpGGIb5oXR5akYotFnrWN0TWKh6Svlhflm3dogg=="
    },
    "moment-mini": {
      "version": "2.18.1",
      "resolved": "https://registry.npmjs.org/moment-mini/-/moment-mini-2.18.1.tgz",
      "integrity": "sha1-JzTMLNe/1A1ZjCBxzJyWyzmXidc="
    },
    "polyline-encoded": {
      "version": "0.0.8",
      "resolved": "https://registry.npmjs.org/polyline-encoded/-/polyline-encoded-0.0.8.tgz",
      "integrity": "sha1-TPuOVKDGuJ4HHa5UceWLdELLb3I="
    },
    "rxjs": {
      "version": "5.5.2",
      "resolved": "https://registry.npmjs.org/rxjs/-/rxjs-5.5.2.tgz",
      "integrity": "sha512-oRYoIKWBU3Ic37fLA5VJu31VqQO4bWubRntcHSJ+cwaDQBwdnZ9x4zmhJfm/nFQ2E82/I4loSioHnACamrKGgA==",
      "requires": {
        "symbol-observable": "1.0.4"
      }
    },
    "symbol-observable": {
      "version": "1.0.4",
      "resolved": "https://registry.npmjs.org/symbol-observable/-/symbol-observable-1.0.4.tgz",
      "integrity": "sha1-Kb9hXUqnEhvdiYsi1LP5vE4qoD0="
    },
    "underscore": {
      "version": "1.8.3",
      "resolved": "https://registry.npmjs.org/underscore/-/underscore-1.8.3.tgz",
      "integrity": "sha1-Tz+1OxBuYJf8+ctBCfKl6b36UCI="
    },
    "whatwg-fetch": {
      "version": "2.0.3",
      "resolved": "https://registry.npmjs.org/whatwg-fetch/-/whatwg-fetch-2.0.3.tgz",
      "integrity": "sha1-nITsLc9oGH/wC8ZOEnS0QhduHIQ="
    }
  }
}
